
Microsoft Visual Studio Solution File, Format Version 12.00
# Visual Studio Version 17
VisualStudioVersion = 17.1.32228.430
MinimumVisualStudioVersion = 10.0.40219.1
Project("{2150E333-8FDC-42A3-9474-1A3956D46DE8}") = "Core", "Core", "{A98114C2-38EB-4797-80F7-48259C97628B}"
EndProject
Project("{2150E333-8FDC-42A3-9474-1A3956D46DE8}") = "Tests", "Tests", "{55815AA4-AA1F-4EA8-AF8C-0F151E52B988}"
EndProject
Project("{9A19103F-16F7-4668-BE54-9A1E7A4F7556}") = "Matrices.Infrastructure", "Matrices.Infrastructure\Matrices.Infrastructure.csproj", "{DD90BB8E-7D7D-48BA-984C-48EAFAE3386C}"
EndProject
Project("{2150E333-8FDC-42A3-9474-1A3956D46DE8}") = "Application", "Application", "{D8332682-EE7D-457E-8A8A-ECFD822B5F88}"
EndProject
Project("{9A19103F-16F7-4668-BE54-9A1E7A4F7556}") = "MainAppConsoleUI", "MainAppConsoleUI\MainAppConsoleUI.csproj", "{58C93364-5DC4-4C10-AB02-6213CDCA6F66}"
EndProject
Project("{9A19103F-16F7-4668-BE54-9A1E7A4F7556}") = "Matrices.Infrastructure.Tests", "Tests\Matrices.Infrastructure.Tests\Matrices.Infrastructure.Tests.csproj", "{B20B9B6A-CE9D-4804-83A5-1DF03784F1B0}"
EndProject
Global
	GlobalSection(SolutionConfigurationPlatforms) = preSolution
		Debug|Any CPU = Debug|Any CPU
		Release|Any CPU = Release|Any CPU
	EndGlobalSection
	GlobalSection(ProjectConfigurationPlatforms) = postSolution
		{DD90BB8E-7D7D-48BA-984C-48EAFAE3386C}.Debug|Any CPU.ActiveCfg = Debug|Any CPU
		{DD90BB8E-7D7D-48BA-984C-48EAFAE3386C}.Debug|Any CPU.Build.0 = Debug|Any CPU
		{DD90BB8E-7D7D-48BA-984C-48EAFAE3386C}.Release|Any CPU.ActiveCfg = Release|Any CPU
		{DD90BB8E-7D7D-48BA-984C-48EAFAE3386C}.Release|Any CPU.Build.0 = Release|Any CPU
		{58C93364-5DC4-4C10-AB02-6213CDCA6F66}.Debug|Any CPU.ActiveCfg = Debug|Any CPU
		{58C93364-5DC4-4C10-AB02-6213CDCA6F66}.Debug|Any CPU.Build.0 = Debug|Any CPU
		{58C93364-5DC4-4C10-AB02-6213CDCA6F66}.Release|Any CPU.ActiveCfg = Release|Any CPU
		{58C93364-5DC4-4C10-AB02-6213CDCA6F66}.Release|Any CPU.Build.0 = Release|Any CPU
		{B20B9B6A-CE9D-4804-83A5-1DF03784F1B0}.Debug|Any CPU.ActiveCfg = Debug|Any CPU
		{B20B9B6A-CE9D-4804-83A5-1DF03784F1B0}.Debug|Any CPU.Build.0 = Debug|Any CPU
		{B20B9B6A-CE9D-4804-83A5-1DF03784F1B0}.Release|Any CPU.ActiveCfg = Release|Any CPU
		{B20B9B6A-CE9D-4804-83A5-1DF03784F1B0}.Release|Any CPU.Build.0 = Release|Any CPU
	EndGlobalSection
	GlobalSection(SolutionProperties) = preSolution
		HideSolutionNode = FALSE
	EndGlobalSection
	GlobalSection(NestedProjects) = preSolution
		{DD90BB8E-7D7D-48BA-984C-48EAFAE3386C} = {A98114C2-38EB-4797-80F7-48259C97628B}
		{58C93364-5DC4-4C10-AB02-6213CDCA6F66} = {D8332682-EE7D-457E-8A8A-ECFD822B5F88}
		{B20B9B6A-CE9D-4804-83A5-1DF03784F1B0} = {55815AA4-AA1F-4EA8-AF8C-0F151E52B988}
	EndGlobalSection
	GlobalSection(ExtensibilityGlobals) = postSolution
		SolutionGuid = {C0BF4381-A895-45A4-A43E-8FA3ECD8257C}
	EndGlobalSection
EndGlobal
